{
  "name": "@nikolay_kuropatkin/node-red-contrib-dynamic-file-path",
  "version": "0.0.1",
  "lockfileVersion": 2,
  "requires": true,
  "packages": {
    "": {
      "name": "@nikolay_kuropatkin/node-red-contrib-dynamic-file-path",
      "version": "0.0.1",
      "license": "MIT",
      "dependencies": {
        "@nikolay_kuropatkin/node-red-contrib-dynamic-file-path": "github:NickTaporuk/node-red-contrib-dynamic-file-path"
      }
    },
    "node_modules/@nikolay_kuropatkin/node-red-contrib-dynamic-file-path": {
      "version": "0.0.1",
      "resolved": "git+ssh://git@github.com/NickTaporuk/node-red-contrib-dynamic-file-path.git#6aba94019dc26e9e4139540b4e281ddb647df350",
      "license": "MIT"
    }
  },
  "dependencies": {
    "@nikolay_kuropatkin/node-red-contrib-dynamic-file-path": {
      "version": "git+ssh://git@github.com/NickTaporuk/node-red-contrib-dynamic-file-path.git#6aba94019dc26e9e4139540b4e281ddb647df350",
      "from": "@nikolay_kuropatkin/node-red-contrib-dynamic-file-path@https://github.com/NickTaporuk/node-red-contrib-dynamic-file-path"
    }
  }
}
